
Microsoft Visual Studio Solution File, Format Version 12.00
# Visual Studio Version 17
VisualStudioVersion = 17.14.36408.4
MinimumVisualStudioVersion = 10.0.40219.1
Project("{FAE04EC0-301F-11D3-BF4B-00C04F79EFBC}") = "AuthModule", "AuthModule\src\AuthModule.csproj", "{C135A3FD-DFB2-2294-A5F7-7CE50163B4BF}"
EndProject
Project("{FAE04EC0-301F-11D3-BF4B-00C04F79EFBC}") = "Gateway", "Gateway\src\Gateway.csproj", "{38F20DB7-9036-2404-9873-15AE7A95308B}"
EndProject
Project("{FAE04EC0-301F-11D3-BF4B-00C04F79EFBC}") = "FinanceModule", "FinanceModule\src\FinanceModule.csproj", "{205729A1-5C9F-4645-B264-4A6B460A83E7}"
EndProject
Project("{FAE04EC0-301F-11D3-BF4B-00C04F79EFBC}") = "SurveyModule", "SurveyModule\src\SurveyModule.csproj", "{9BCEA4BF-E1F9-4ECD-AFE1-5FE06B8A520C}"
EndProject
Project("{FAE04EC0-301F-11D3-BF4B-00C04F79EFBC}") = "SuggestionModule", "SuggestionModule\src\SuggestionModule.csproj", "{8A3BC54A-DDF2-4019-9540-973F1C595292}"
EndProject
Project("{FAE04EC0-301F-11D3-BF4B-00C04F79EFBC}") = "SupportModule", "SupportModule\src\SupportModule.csproj", "{A5DA2FB7-7708-4CD4-B83C-3280555969EF}"
EndProject
Global
	GlobalSection(SolutionConfigurationPlatforms) = preSolution
		Debug|Any CPU = Debug|Any CPU
		Debug|x64 = Debug|x64
		Debug|x86 = Debug|x86
		Release|Any CPU = Release|Any CPU
		Release|x64 = Release|x64
		Release|x86 = Release|x86
	EndGlobalSection
	GlobalSection(ProjectConfigurationPlatforms) = postSolution
		{C135A3FD-DFB2-2294-A5F7-7CE50163B4BF}.Debug|Any CPU.ActiveCfg = Debug|Any CPU
		{C135A3FD-DFB2-2294-A5F7-7CE50163B4BF}.Debug|Any CPU.Build.0 = Debug|Any CPU
		{C135A3FD-DFB2-2294-A5F7-7CE50163B4BF}.Debug|x64.ActiveCfg = Debug|Any CPU
		{C135A3FD-DFB2-2294-A5F7-7CE50163B4BF}.Debug|x64.Build.0 = Debug|Any CPU
		{C135A3FD-DFB2-2294-A5F7-7CE50163B4BF}.Debug|x86.ActiveCfg = Debug|Any CPU
		{C135A3FD-DFB2-2294-A5F7-7CE50163B4BF}.Debug|x86.Build.0 = Debug|Any CPU
		{C135A3FD-DFB2-2294-A5F7-7CE50163B4BF}.Release|Any CPU.ActiveCfg = Release|Any CPU
		{C135A3FD-DFB2-2294-A5F7-7CE50163B4BF}.Release|Any CPU.Build.0 = Release|Any CPU
		{C135A3FD-DFB2-2294-A5F7-7CE50163B4BF}.Release|x64.ActiveCfg = Release|Any CPU
		{C135A3FD-DFB2-2294-A5F7-7CE50163B4BF}.Release|x64.Build.0 = Release|Any CPU
		{C135A3FD-DFB2-2294-A5F7-7CE50163B4BF}.Release|x86.ActiveCfg = Release|Any CPU
		{C135A3FD-DFB2-2294-A5F7-7CE50163B4BF}.Release|x86.Build.0 = Release|Any CPU
		{38F20DB7-9036-2404-9873-15AE7A95308B}.Debug|Any CPU.ActiveCfg = Debug|Any CPU
		{38F20DB7-9036-2404-9873-15AE7A95308B}.Debug|Any CPU.Build.0 = Debug|Any CPU
		{38F20DB7-9036-2404-9873-15AE7A95308B}.Debug|x64.ActiveCfg = Debug|Any CPU
		{38F20DB7-9036-2404-9873-15AE7A95308B}.Debug|x64.Build.0 = Debug|Any CPU
		{38F20DB7-9036-2404-9873-15AE7A95308B}.Debug|x86.ActiveCfg = Debug|Any CPU
		{38F20DB7-9036-2404-9873-15AE7A95308B}.Debug|x86.Build.0 = Debug|Any CPU
		{38F20DB7-9036-2404-9873-15AE7A95308B}.Release|Any CPU.ActiveCfg = Release|Any CPU
		{38F20DB7-9036-2404-9873-15AE7A95308B}.Release|Any CPU.Build.0 = Release|Any CPU
		{38F20DB7-9036-2404-9873-15AE7A95308B}.Release|x64.ActiveCfg = Release|Any CPU
		{38F20DB7-9036-2404-9873-15AE7A95308B}.Release|x64.Build.0 = Release|Any CPU
		{38F20DB7-9036-2404-9873-15AE7A95308B}.Release|x86.ActiveCfg = Release|Any CPU
		{38F20DB7-9036-2404-9873-15AE7A95308B}.Release|x86.Build.0 = Release|Any CPU
		{205729A1-5C9F-4645-B264-4A6B460A83E7}.Debug|Any CPU.ActiveCfg = Debug|Any CPU
		{205729A1-5C9F-4645-B264-4A6B460A83E7}.Debug|Any CPU.Build.0 = Debug|Any CPU
		{205729A1-5C9F-4645-B264-4A6B460A83E7}.Debug|x64.ActiveCfg = Debug|Any CPU
		{205729A1-5C9F-4645-B264-4A6B460A83E7}.Debug|x64.Build.0 = Debug|Any CPU
		{205729A1-5C9F-4645-B264-4A6B460A83E7}.Debug|x86.ActiveCfg = Debug|Any CPU
		{205729A1-5C9F-4645-B264-4A6B460A83E7}.Debug|x86.Build.0 = Debug|Any CPU
		{205729A1-5C9F-4645-B264-4A6B460A83E7}.Release|Any CPU.ActiveCfg = Release|Any CPU
		{205729A1-5C9F-4645-B264-4A6B460A83E7}.Release|Any CPU.Build.0 = Release|Any CPU
		{205729A1-5C9F-4645-B264-4A6B460A83E7}.Release|x64.ActiveCfg = Release|Any CPU
		{205729A1-5C9F-4645-B264-4A6B460A83E7}.Release|x64.Build.0 = Release|Any CPU
		{205729A1-5C9F-4645-B264-4A6B460A83E7}.Release|x86.ActiveCfg = Release|Any CPU
		{205729A1-5C9F-4645-B264-4A6B460A83E7}.Release|x86.Build.0 = Release|Any CPU
		{9BCEA4BF-E1F9-4ECD-AFE1-5FE06B8A520C}.Debug|Any CPU.ActiveCfg = Debug|Any CPU
		{9BCEA4BF-E1F9-4ECD-AFE1-5FE06B8A520C}.Debug|Any CPU.Build.0 = Debug|Any CPU
		{9BCEA4BF-E1F9-4ECD-AFE1-5FE06B8A520C}.Debug|x64.ActiveCfg = Debug|Any CPU
		{9BCEA4BF-E1F9-4ECD-AFE1-5FE06B8A520C}.Debug|x64.Build.0 = Debug|Any CPU
		{9BCEA4BF-E1F9-4ECD-AFE1-5FE06B8A520C}.Debug|x86.ActiveCfg = Debug|Any CPU
		{9BCEA4BF-E1F9-4ECD-AFE1-5FE06B8A520C}.Debug|x86.Build.0 = Debug|Any CPU
		{9BCEA4BF-E1F9-4ECD-AFE1-5FE06B8A520C}.Release|Any CPU.ActiveCfg = Release|Any CPU
		{9BCEA4BF-E1F9-4ECD-AFE1-5FE06B8A520C}.Release|Any CPU.Build.0 = Release|Any CPU
		{9BCEA4BF-E1F9-4ECD-AFE1-5FE06B8A520C}.Release|x64.ActiveCfg = Release|Any CPU
		{9BCEA4BF-E1F9-4ECD-AFE1-5FE06B8A520C}.Release|x64.Build.0 = Release|Any CPU
		{9BCEA4BF-E1F9-4ECD-AFE1-5FE06B8A520C}.Release|x86.ActiveCfg = Release|Any CPU
		{9BCEA4BF-E1F9-4ECD-AFE1-5FE06B8A520C}.Release|x86.Build.0 = Release|Any CPU
		{8A3BC54A-DDF2-4019-9540-973F1C595292}.Debug|Any CPU.ActiveCfg = Debug|Any CPU
		{8A3BC54A-DDF2-4019-9540-973F1C595292}.Debug|Any CPU.Build.0 = Debug|Any CPU
		{8A3BC54A-DDF2-4019-9540-973F1C595292}.Debug|x64.ActiveCfg = Debug|Any CPU
		{8A3BC54A-DDF2-4019-9540-973F1C595292}.Debug|x64.Build.0 = Debug|Any CPU
		{8A3BC54A-DDF2-4019-9540-973F1C595292}.Debug|x86.ActiveCfg = Debug|Any CPU
		{8A3BC54A-DDF2-4019-9540-973F1C595292}.Debug|x86.Build.0 = Debug|Any CPU
		{8A3BC54A-DDF2-4019-9540-973F1C595292}.Release|Any CPU.ActiveCfg = Release|Any CPU
		{8A3BC54A-DDF2-4019-9540-973F1C595292}.Release|Any CPU.Build.0 = Release|Any CPU
		{8A3BC54A-DDF2-4019-9540-973F1C595292}.Release|x64.ActiveCfg = Release|Any CPU
		{8A3BC54A-DDF2-4019-9540-973F1C595292}.Release|x64.Build.0 = Release|Any CPU
		{8A3BC54A-DDF2-4019-9540-973F1C595292}.Release|x86.ActiveCfg = Release|Any CPU
		{8A3BC54A-DDF2-4019-9540-973F1C595292}.Release|x86.Build.0 = Release|Any CPU
		{A5DA2FB7-7708-4CD4-B83C-3280555969EF}.Debug|Any CPU.ActiveCfg = Debug|Any CPU
		{A5DA2FB7-7708-4CD4-B83C-3280555969EF}.Debug|Any CPU.Build.0 = Debug|Any CPU
		{A5DA2FB7-7708-4CD4-B83C-3280555969EF}.Debug|x64.ActiveCfg = Debug|Any CPU
		{A5DA2FB7-7708-4CD4-B83C-3280555969EF}.Debug|x64.Build.0 = Debug|Any CPU
		{A5DA2FB7-7708-4CD4-B83C-3280555969EF}.Debug|x86.ActiveCfg = Debug|Any CPU
		{A5DA2FB7-7708-4CD4-B83C-3280555969EF}.Debug|x86.Build.0 = Debug|Any CPU
		{A5DA2FB7-7708-4CD4-B83C-3280555969EF}.Release|Any CPU.ActiveCfg = Release|Any CPU
		{A5DA2FB7-7708-4CD4-B83C-3280555969EF}.Release|Any CPU.Build.0 = Release|Any CPU
		{A5DA2FB7-7708-4CD4-B83C-3280555969EF}.Release|x64.ActiveCfg = Release|Any CPU
		{A5DA2FB7-7708-4CD4-B83C-3280555969EF}.Release|x64.Build.0 = Release|Any CPU
		{A5DA2FB7-7708-4CD4-B83C-3280555969EF}.Release|x86.ActiveCfg = Release|Any CPU
		{A5DA2FB7-7708-4CD4-B83C-3280555969EF}.Release|x86.Build.0 = Release|Any CPU
	EndGlobalSection
	GlobalSection(SolutionProperties) = preSolution
		HideSolutionNode = FALSE
	EndGlobalSection
	GlobalSection(NestedProjects) = preSolution
		{8DC62BB1-EDAE-1FDD-F92C-CB49EE0807B0} = {1378DD59-0128-FEBC-BC04-DF4C1603146E}
		{A5DA2FB7-7708-4CD4-B83C-3280555969EF} = {8DC62BB1-EDAE-1FDD-F92C-CB49EE0807B0}
	EndGlobalSection
	GlobalSection(ExtensibilityGlobals) = postSolution
		SolutionGuid = {09CD8C15-DD7E-4421-943E-86AEC83BFE95}
	EndGlobalSection
EndGlobal
