
Microsoft Visual Studio Solution File, Format Version 12.00
# Visual Studio Version 17
VisualStudioVersion = 17.14.36408.4 d17.14
MinimumVisualStudioVersion = 10.0.40219.1
Project("{FAE04EC0-301F-11D3-BF4B-00C04F79EFBC}") = "MicroFinanceModule", "MicroFinanceModule\MicroFinanceModule.csproj", "{EADDE721-1DE0-420B-88FF-658015C7351E}"
EndProject
Global
	GlobalSection(SolutionConfigurationPlatforms) = preSolution
		Debug|Any CPU = Debug|Any CPU
		Release|Any CPU = Release|Any CPU
	EndGlobalSection
	GlobalSection(ProjectConfigurationPlatforms) = postSolution
		{EADDE721-1DE0-420B-88FF-658015C7351E}.Debug|Any CPU.ActiveCfg = Debug|Any CPU
		{EADDE721-1DE0-420B-88FF-658015C7351E}.Debug|Any CPU.Build.0 = Debug|Any CPU
		{EADDE721-1DE0-420B-88FF-658015C7351E}.Release|Any CPU.ActiveCfg = Release|Any CPU
		{EADDE721-1DE0-420B-88FF-658015C7351E}.Release|Any CPU.Build.0 = Release|Any CPU
	EndGlobalSection
	GlobalSection(SolutionProperties) = preSolution
		HideSolutionNode = FALSE
	EndGlobalSection
	GlobalSection(ExtensibilityGlobals) = postSolution
		SolutionGuid = {EF8A8073-C750-44E0-B322-A5E7DF2FC8DB}
	EndGlobalSection
EndGlobal
